
Microsoft Visual Studio Solution File, Format Version 12.00
# Visual Studio Version 17
VisualStudioVersion = 17.0.31903.59
MinimumVisualStudioVersion = 10.0.40219.1
Project("{FAE04EC0-301F-11D3-BF4B-00C04F79EFBC}") = "Client", "Client\Client.csproj", "{542BCDFE-3487-4754-B6F4-5C5C44D936A8}"
EndProject
Project("{FAE04EC0-301F-11D3-BF4B-00C04F79EFBC}") = "Server", "Server\Server.csproj", "{8E485F8A-7AB4-43BD-BD27-AEEB27A2587B}"
EndProject
Project("{FAE04EC0-301F-11D3-BF4B-00C04F79EFBC}") = "Socket", "ClassLibrary1\Socket.csproj", "{B6AEE918-CE77-46CD-A269-752A5D9AB617}"
EndProject
Global
	GlobalSection(SolutionConfigurationPlatforms) = preSolution
		Debug|Any CPU = Debug|Any CPU
		Release|Any CPU = Release|Any CPU
	EndGlobalSection
	GlobalSection(ProjectConfigurationPlatforms) = postSolution
		{542BCDFE-3487-4754-B6F4-5C5C44D936A8}.Debug|Any CPU.ActiveCfg = Debug|Any CPU
		{542BCDFE-3487-4754-B6F4-5C5C44D936A8}.Debug|Any CPU.Build.0 = Debug|Any CPU
		{542BCDFE-3487-4754-B6F4-5C5C44D936A8}.Release|Any CPU.ActiveCfg = Release|Any CPU
		{542BCDFE-3487-4754-B6F4-5C5C44D936A8}.Release|Any CPU.Build.0 = Release|Any CPU
		{8E485F8A-7AB4-43BD-BD27-AEEB27A2587B}.Debug|Any CPU.ActiveCfg = Debug|Any CPU
		{8E485F8A-7AB4-43BD-BD27-AEEB27A2587B}.Debug|Any CPU.Build.0 = Debug|Any CPU
		{8E485F8A-7AB4-43BD-BD27-AEEB27A2587B}.Release|Any CPU.ActiveCfg = Release|Any CPU
		{8E485F8A-7AB4-43BD-BD27-AEEB27A2587B}.Release|Any CPU.Build.0 = Release|Any CPU
		{B6AEE918-CE77-46CD-A269-752A5D9AB617}.Debug|Any CPU.ActiveCfg = Debug|Any CPU
		{B6AEE918-CE77-46CD-A269-752A5D9AB617}.Debug|Any CPU.Build.0 = Debug|Any CPU
		{B6AEE918-CE77-46CD-A269-752A5D9AB617}.Release|Any CPU.ActiveCfg = Release|Any CPU
		{B6AEE918-CE77-46CD-A269-752A5D9AB617}.Release|Any CPU.Build.0 = Release|Any CPU
	EndGlobalSection
	GlobalSection(SolutionProperties) = preSolution
		HideSolutionNode = FALSE
	EndGlobalSection
EndGlobal
